
Microsoft Visual Studio Solution File, Format Version 12.00
# Visual Studio 15
Project("{FAE04EC0-301F-11D3-BF4B-00C04F79EFBC}") = "Assembly-CSharp", "Assembly-CSharp.csproj", "{1E246FA7-7ADA-6380-0122-E7550E5BE9EF}"
EndProject
Project("{FAE04EC0-301F-11D3-BF4B-00C04F79EFBC}") = "Assembly-CSharp-Editor", "Assembly-CSharp-Editor.csproj", "{B9326135-0FC2-7A54-1101-8CDB2D880CD2}"
EndProject
Global
	GlobalSection(SolutionConfigurationPlatforms) = preSolution
		Debug|Any CPU = Debug|Any CPU
		Release|Any CPU = Release|Any CPU
	EndGlobalSection
	GlobalSection(ProjectConfigurationPlatforms) = postSolution
		{1E246FA7-7ADA-6380-0122-E7550E5BE9EF}.Debug|Any CPU.ActiveCfg = Debug|Any CPU
		{1E246FA7-7ADA-6380-0122-E7550E5BE9EF}.Debug|Any CPU.Build.0 = Debug|Any CPU
		{1E246FA7-7ADA-6380-0122-E7550E5BE9EF}.Release|Any CPU.ActiveCfg = Release|Any CPU
		{1E246FA7-7ADA-6380-0122-E7550E5BE9EF}.Release|Any CPU.Build.0 = Release|Any CPU
		{B9326135-0FC2-7A54-1101-8CDB2D880CD2}.Debug|Any CPU.ActiveCfg = Debug|Any CPU
		{B9326135-0FC2-7A54-1101-8CDB2D880CD2}.Debug|Any CPU.Build.0 = Debug|Any CPU
		{B9326135-0FC2-7A54-1101-8CDB2D880CD2}.Release|Any CPU.ActiveCfg = Release|Any CPU
		{B9326135-0FC2-7A54-1101-8CDB2D880CD2}.Release|Any CPU.Build.0 = Release|Any CPU
	EndGlobalSection
	GlobalSection(SolutionProperties) = preSolution
		HideSolutionNode = FALSE
	EndGlobalSection
EndGlobal
